schema: '2.0'
stages:
  processing:
    cmd: python src/processing.py data/raw/titanic.csv 
      data/processed/titanic.csv
    deps:
    - path: data/raw/titanic.csv
      hash: md5
      md5: 2309cc5f04782ed9bb6016d9f4e381cf
      size: 61194
    - path: src/processing.py
      hash: md5
      md5: 858d1a91eb9db485dbf78ff78aa2346c
      size: 509
    outs:
    - path: data/processed/titanic.csv
      hash: md5
      md5: 495cd8302e90897bc3070bbcd8afdd77
      size: 39940
