schema: '2.0'
stages:
  processing:
    cmd: python src/processing.py data/raw/titanic.csv 
      data/processed/titanic.csv
    deps:
    - path: data/raw/titanic.csv
      hash: md5
      md5: 2309cc5f04782ed9bb6016d9f4e381cf
      size: 61194
    - path: src/processing.py
      hash: md5
      md5: 29c9ea1296f5f9914459c80505480f1a
      size: 522
    outs:
    - path: data/processed/titanic.csv
      hash: md5
      md5: 016b232cced0859c8cc4ec6c62190d56
      size: 23846
