schema: '2.0'
stages:
  processing:
    cmd: python src/processing.py data/raw/titanic.csv 
      data/processed/titanic.csv
    deps:
    - path: conf/
      hash: md5
      md5: f1eb67abf9184770a93e43cfaf45e995.dir
      size: 669
      nfiles: 4
    - path: data/raw/titanic.csv
      hash: md5
      md5: 2309cc5f04782ed9bb6016d9f4e381cf
      size: 61194
    - path: src/processing.py
      hash: md5
      md5: 8abc9d11d4f595c344fc270641e7149d
      size: 715
    outs:
    - path: data/processed/titanic.csv
      hash: md5
      md5: c631dc9ae26dd14bb539a6d7ede00e95
      size: 24074
  training:
    cmd: python src/training.py data/processed/titanic.csv
    deps:
    - path: conf/
      hash: md5
      md5: f1eb67abf9184770a93e43cfaf45e995.dir
      size: 669
      nfiles: 4
    - path: data/processed/titanic.csv
      hash: md5
      md5: c631dc9ae26dd14bb539a6d7ede00e95
      size: 24074
    - path: src/training.py
      hash: md5
      md5: e7e6939c897267e4df9b4081fa659657
      size: 2506
    outs:
    - path: models/production_model.pkl
      hash: md5
      md5: 15897e33193465c205a965bf017d9f96
      size: 1228939
